
Microsoft Visual Studio Solution File, Format Version 12.00
# Visual Studio Version 16
VisualStudioVersion = 16.0.30804.86
MinimumVisualStudioVersion = 10.0.40219.1
Project("{FAE04EC0-301F-11D3-BF4B-00C04F79EFBC}") = "MyShop.WebUI", "MyShop.WebUI\MyShop.WebUI.csproj", "{E75CF341-5448-47B9-9588-704854A3AEDA}"
EndProject
Project("{FAE04EC0-301F-11D3-BF4B-00C04F79EFBC}") = "MyShop.WebUI.Tests", "MyShop.WebUI.Tests\MyShop.WebUI.Tests.csproj", "{C9F29D99-CBB8-4372-BB69-72038A94A518}"
EndProject
Project("{FAE04EC0-301F-11D3-BF4B-00C04F79EFBC}") = "MyShop.Core", "MyShop.Core\MyShop.Core.csproj", "{7ABA381E-2C72-4F0B-8BA6-7677E3EDF57B}"
EndProject
Project("{FAE04EC0-301F-11D3-BF4B-00C04F79EFBC}") = "MyShop.Services", "MyShop.Services\MyShop.Services.csproj", "{8510B558-CF8C-4FBF-AE4F-54D1D7696152}"
EndProject
Project("{FAE04EC0-301F-11D3-BF4B-00C04F79EFBC}") = "MyShop.DataAccess.SQL", "MyShop.DataAccess.SQL\MyShop.DataAccess.SQL.csproj", "{BE7A597A-C9A2-4B8C-9E2E-760307BEA4F8}"
EndProject
Project("{FAE04EC0-301F-11D3-BF4B-00C04F79EFBC}") = "MyShop.DataAccess.InMemory", "MyShop.DataAccess.InMemory\MyShop.DataAccess.InMemory.csproj", "{2FB5AF71-70B1-464C-B6C3-1453992E880F}"
EndProject
Global
	GlobalSection(SolutionConfigurationPlatforms) = preSolution
		Debug|Any CPU = Debug|Any CPU
		Release|Any CPU = Release|Any CPU
	EndGlobalSection
	GlobalSection(ProjectConfigurationPlatforms) = postSolution
		{E75CF341-5448-47B9-9588-704854A3AEDA}.Debug|Any CPU.ActiveCfg = Debug|Any CPU
		{E75CF341-5448-47B9-9588-704854A3AEDA}.Debug|Any CPU.Build.0 = Debug|Any CPU
		{E75CF341-5448-47B9-9588-704854A3AEDA}.Release|Any CPU.ActiveCfg = Release|Any CPU
		{E75CF341-5448-47B9-9588-704854A3AEDA}.Release|Any CPU.Build.0 = Release|Any CPU
		{C9F29D99-CBB8-4372-BB69-72038A94A518}.Debug|Any CPU.ActiveCfg = Debug|Any CPU
		{C9F29D99-CBB8-4372-BB69-72038A94A518}.Debug|Any CPU.Build.0 = Debug|Any CPU
		{C9F29D99-CBB8-4372-BB69-72038A94A518}.Release|Any CPU.ActiveCfg = Release|Any CPU
		{C9F29D99-CBB8-4372-BB69-72038A94A518}.Release|Any CPU.Build.0 = Release|Any CPU
		{7ABA381E-2C72-4F0B-8BA6-7677E3EDF57B}.Debug|Any CPU.ActiveCfg = Debug|Any CPU
		{7ABA381E-2C72-4F0B-8BA6-7677E3EDF57B}.Debug|Any CPU.Build.0 = Debug|Any CPU
		{7ABA381E-2C72-4F0B-8BA6-7677E3EDF57B}.Release|Any CPU.ActiveCfg = Release|Any CPU
		{7ABA381E-2C72-4F0B-8BA6-7677E3EDF57B}.Release|Any CPU.Build.0 = Release|Any CPU
		{8510B558-CF8C-4FBF-AE4F-54D1D7696152}.Debug|Any CPU.ActiveCfg = Debug|Any CPU
		{8510B558-CF8C-4FBF-AE4F-54D1D7696152}.Debug|Any CPU.Build.0 = Debug|Any CPU
		{8510B558-CF8C-4FBF-AE4F-54D1D7696152}.Release|Any CPU.ActiveCfg = Release|Any CPU
		{8510B558-CF8C-4FBF-AE4F-54D1D7696152}.Release|Any CPU.Build.0 = Release|Any CPU
		{BE7A597A-C9A2-4B8C-9E2E-760307BEA4F8}.Debug|Any CPU.ActiveCfg = Debug|Any CPU
		{BE7A597A-C9A2-4B8C-9E2E-760307BEA4F8}.Debug|Any CPU.Build.0 = Debug|Any CPU
		{BE7A597A-C9A2-4B8C-9E2E-760307BEA4F8}.Release|Any CPU.ActiveCfg = Release|Any CPU
		{BE7A597A-C9A2-4B8C-9E2E-760307BEA4F8}.Release|Any CPU.Build.0 = Release|Any CPU
		{2FB5AF71-70B1-464C-B6C3-1453992E880F}.Debug|Any CPU.ActiveCfg = Debug|Any CPU
		{2FB5AF71-70B1-464C-B6C3-1453992E880F}.Debug|Any CPU.Build.0 = Debug|Any CPU
		{2FB5AF71-70B1-464C-B6C3-1453992E880F}.Release|Any CPU.ActiveCfg = Release|Any CPU
		{2FB5AF71-70B1-464C-B6C3-1453992E880F}.Release|Any CPU.Build.0 = Release|Any CPU
	EndGlobalSection
	GlobalSection(SolutionProperties) = preSolution
		HideSolutionNode = FALSE
	EndGlobalSection
	GlobalSection(ExtensibilityGlobals) = postSolution
		SolutionGuid = {40F3A771-BCCB-4448-AAFD-F9F726322D0F}
	EndGlobalSection
EndGlobal
